// !$*UTF8*$!
{
	archiveVersion = 1;
	classes = {
	};
	objectVersion = 46;
	objects = {

/* Begin PBXBuildFile section */
		78F1F64B450F8B55BA1C78F4 /* libPods-CBNGlobal.a in Frameworks */ = {isa = PBXBuildFile; fileRef = 6936100BDAE8F7C4498C70AA /* libPods-CBNGlobal.a */; };
		FE6F2CF61DB12B5B000E33F9 /* main.m in Sources */ = {isa = PBXBuildFile; fileRef = FE6F2CF51DB12B5B000E33F9 /* main.m */; };
		FE6F2CF91DB12B5B000E33F9 /* AppDelegate.m in Sources */ = {isa = PBXBuildFile; fileRef = FE6F2CF81DB12B5B000E33F9 /* AppDelegate.m */; };
		FE6F2CFC1DB12B5B000E33F9 /* ViewController.m in Sources */ = {isa = PBXBuildFile; fileRef = FE6F2CFB1DB12B5B000E33F9 /* ViewController.m */; };
		FE6F2CFF1DB12B5B000E33F9 /* Main.storyboard in Resources */ = {isa = PBXBuildFile; fileRef = FE6F2CFD1DB12B5B000E33F9 /* Main.storyboard */; };
		FE6F2D011DB12B5B000E33F9 /* Assets.xcassets in Resources */ = {isa = PBXBuildFile; fileRef = FE6F2D001DB12B5B000E33F9 /* Assets.xcassets */; };
		FE6F2D041DB12B5B000E33F9 /* LaunchScreen.storyboard in Resources */ = {isa = PBXBuildFile; fileRef = FE6F2D021DB12B5B000E33F9 /* LaunchScreen.storyboard */; };
		FE6F2D0F1DB12B5B000E33F9 /* CBNGlobalTests.m in Sources */ = {isa = PBXBuildFile; fileRef = FE6F2D0E1DB12B5B000E33F9 /* CBNGlobalTests.m */; };
		FE6F2D1A1DB12B5B000E33F9 /* CBNGlobalUITests.m in Sources */ = {isa = PBXBuildFile; fileRef = FE6F2D191DB12B5B000E33F9 /* CBNGlobalUITests.m */; };
		FEDBCB841DB1F0E600410E94 /* CBNBaseNavigationController.m in Sources */ = {isa = PBXBuildFile; fileRef = FEDBCB831DB1F0E600410E94 /* CBNBaseNavigationController.m */; settings = {ASSET_TAGS = (); }; };
		FEDBCB871DB1F0FB00410E94 /* CBNBaseViewController.m in Sources */ = {isa = PBXBuildFile; fileRef = FEDBCB861DB1F0FB00410E94 /* CBNBaseViewController.m */; settings = {ASSET_TAGS = (); }; };
		FEDBCB8A1DB1F12E00410E94 /* CBNHomePageVC.m in Sources */ = {isa = PBXBuildFile; fileRef = FEDBCB891DB1F12E00410E94 /* CBNHomePageVC.m */; settings = {ASSET_TAGS = (); }; };
		FEDBCB8D1DB1F14B00410E94 /* CBNLeftChannelVC.m in Sources */ = {isa = PBXBuildFile; fileRef = FEDBCB8C1DB1F14B00410E94 /* CBNLeftChannelVC.m */; settings = {ASSET_TAGS = (); }; };
		FEDBCBA31DB1F3A100410E94 /* CBNChannel.plist in Resources */ = {isa = PBXBuildFile; fileRef = FEDBCBA21DB1F3A100410E94 /* CBNChannel.plist */; settings = {ASSET_TAGS = (); }; };
/* End PBXBuildFile section */

/* Begin PBXContainerItemProxy section */
		FE6F2D0B1DB12B5B000E33F9 /* PBXContainerItemProxy */ = {
			isa = PBXContainerItemProxy;
			containerPortal = FE6F2CE91DB12B5B000E33F9 /* Project object */;
			proxyType = 1;
			remoteGlobalIDString = FE6F2CF01DB12B5B000E33F9;
			remoteInfo = CBNGlobal;
		};
		FE6F2D161DB12B5B000E33F9 /* PBXContainerItemProxy */ = {
			isa = PBXContainerItemProxy;
			containerPortal = FE6F2CE91DB12B5B000E33F9 /* Project object */;
			proxyType = 1;
			remoteGlobalIDString = FE6F2CF01DB12B5B000E33F9;
			remoteInfo = CBNGlobal;
		};
/* End PBXContainerItemProxy section */

/* Begin PBXFileReference section */
		34FEE17627E0E355EAC5CBC4 /* Pods-CBNGlobal.release.xcconfig */ = {isa = PBXFileReference; includeInIndex = 1; lastKnownFileType = text.xcconfig; name = "Pods-CBNGlobal.release.xcconfig"; path = "Pods/Target Support Files/Pods-CBNGlobal/Pods-CBNGlobal.release.xcconfig"; sourceTree = "<group>"; };
		6936100BDAE8F7C4498C70AA /* libPods-CBNGlobal.a */ = {isa = PBXFileReference; explicitFileType = archive.ar; includeInIndex = 0; path = "libPods-CBNGlobal.a"; sourceTree = BUILT_PRODUCTS_DIR; };
		A7DDD6D6466BC6672D8A6618 /* Pods-CBNGlobal.debug.xcconfig */ = {isa = PBXFileReference; includeInIndex = 1; lastKnownFileType = text.xcconfig; name = "Pods-CBNGlobal.debug.xcconfig"; path = "Pods/Target Support Files/Pods-CBNGlobal/Pods-CBNGlobal.debug.xcconfig"; sourceTree = "<group>"; };
		FE6F2CF11DB12B5B000E33F9 /* CBNGlobal.app */ = {isa = PBXFileReference; explicitFileType = wrapper.application; includeInIndex = 0; path = CBNGlobal.app; sourceTree = BUILT_PRODUCTS_DIR; };
		FE6F2CF51DB12B5B000E33F9 /* main.m */ = {isa = PBXFileReference; lastKnownFileType = sourcecode.c.objc; path = main.m; sourceTree = "<group>"; };
		FE6F2CF71DB12B5B000E33F9 /* AppDelegate.h */ = {isa = PBXFileReference; lastKnownFileType = sourcecode.c.h; path = AppDelegate.h; sourceTree = "<group>"; };
		FE6F2CF81DB12B5B000E33F9 /* AppDelegate.m */ = {isa = PBXFileReference; lastKnownFileType = sourcecode.c.objc; path = AppDelegate.m; sourceTree = "<group>"; };
		FE6F2CFA1DB12B5B000E33F9 /* ViewController.h */ = {isa = PBXFileReference; lastKnownFileType = sourcecode.c.h; path = ViewController.h; sourceTree = "<group>"; };
		FE6F2CFB1DB12B5B000E33F9 /* ViewController.m */ = {isa = PBXFileReference; lastKnownFileType = sourcecode.c.objc; path = ViewController.m; sourceTree = "<group>"; };
		FE6F2CFE1DB12B5B000E33F9 /* Base */ = {isa = PBXFileReference; lastKnownFileType = file.storyboard; name = Base; path = Base.lproj/Main.storyboard; sourceTree = "<group>"; };
		FE6F2D001DB12B5B000E33F9 /* Assets.xcassets */ = {isa = PBXFileReference; lastKnownFileType = folder.assetcatalog; path = Assets.xcassets; sourceTree = "<group>"; };
		FE6F2D031DB12B5B000E33F9 /* Base */ = {isa = PBXFileReference; lastKnownFileType = file.storyboard; name = Base; path = Base.lproj/LaunchScreen.storyboard; sourceTree = "<group>"; };
		FE6F2D051DB12B5B000E33F9 /* Info.plist */ = {isa = PBXFileReference; lastKnownFileType = text.plist.xml; path = Info.plist; sourceTree = "<group>"; };
		FE6F2D0A1DB12B5B000E33F9 /* CBNGlobalTests.xctest */ = {isa = PBXFileReference; explicitFileType = wrapper.cfbundle; includeInIndex = 0; path = CBNGlobalTests.xctest; sourceTree = BUILT_PRODUCTS_DIR; };
		FE6F2D0E1DB12B5B000E33F9 /* CBNGlobalTests.m */ = {isa = PBXFileReference; lastKnownFileType = sourcecode.c.objc; path = CBNGlobalTests.m; sourceTree = "<group>"; };
		FE6F2D101DB12B5B000E33F9 /* Info.plist */ = {isa = PBXFileReference; lastKnownFileType = text.plist.xml; path = Info.plist; sourceTree = "<group>"; };
		FE6F2D151DB12B5B000E33F9 /* CBNGlobalUITests.xctest */ = {isa = PBXFileReference; explicitFileType = wrapper.cfbundle; includeInIndex = 0; path = CBNGlobalUITests.xctest; sourceTree = BUILT_PRODUCTS_DIR; };
		FE6F2D191DB12B5B000E33F9 /* CBNGlobalUITests.m */ = {isa = PBXFileReference; lastKnownFileType = sourcecode.c.objc; path = CBNGlobalUITests.m; sourceTree = "<group>"; };
		FE6F2D1B1DB12B5B000E33F9 /* Info.plist */ = {isa = PBXFileReference; lastKnownFileType = text.plist.xml; path = Info.plist; sourceTree = "<group>"; };
		FEB42EBA1DB131A700B988E9 /* PrefixHeader.pch */ = {isa = PBXFileReference; fileEncoding = 4; lastKnownFileType = sourcecode.c.h; path = PrefixHeader.pch; sourceTree = "<group>"; };
		FEDBCB821DB1F0E600410E94 /* CBNBaseNavigationController.h */ = {isa = PBXFileReference; fileEncoding = 4; lastKnownFileType = sourcecode.c.h; path = CBNBaseNavigationController.h; sourceTree = "<group>"; };
		FEDBCB831DB1F0E600410E94 /* CBNBaseNavigationController.m */ = {isa = PBXFileReference; fileEncoding = 4; lastKnownFileType = sourcecode.c.objc; path = CBNBaseNavigationController.m; sourceTree = "<group>"; };
		FEDBCB851DB1F0FB00410E94 /* CBNBaseViewController.h */ = {isa = PBXFileReference; fileEncoding = 4; lastKnownFileType = sourcecode.c.h; path = CBNBaseViewController.h; sourceTree = "<group>"; };
		FEDBCB861DB1F0FB00410E94 /* CBNBaseViewController.m */ = {isa = PBXFileReference; fileEncoding = 4; lastKnownFileType = sourcecode.c.objc; path = CBNBaseViewController.m; sourceTree = "<group>"; };
		FEDBCB881DB1F12E00410E94 /* CBNHomePageVC.h */ = {isa = PBXFileReference; fileEncoding = 4; lastKnownFileType = sourcecode.c.h; path = CBNHomePageVC.h; sourceTree = "<group>"; };
		FEDBCB891DB1F12E00410E94 /* CBNHomePageVC.m */ = {isa = PBXFileReference; fileEncoding = 4; lastKnownFileType = sourcecode.c.objc; path = CBNHomePageVC.m; sourceTree = "<group>"; };
		FEDBCB8B1DB1F14B00410E94 /* CBNLeftChannelVC.h */ = {isa = PBXFileReference; fileEncoding = 4; lastKnownFileType = sourcecode.c.h; path = CBNLeftChannelVC.h; sourceTree = "<group>"; };
		FEDBCB8C1DB1F14B00410E94 /* CBNLeftChannelVC.m */ = {isa = PBXFileReference; fileEncoding = 4; lastKnownFileType = sourcecode.c.objc; path = CBNLeftChannelVC.m; sourceTree = "<group>"; };
		FEDBCBA21DB1F3A100410E94 /* CBNChannel.plist */ = {isa = PBXFileReference; fileEncoding = 4; lastKnownFileType = text.plist.xml; path = CBNChannel.plist; sourceTree = "<group>"; };
/* End PBXFileReference section */

/* Begin PBXFrameworksBuildPhase section */
		FE6F2CEE1DB12B5B000E33F9 /* Frameworks */ = {
			isa = PBXFrameworksBuildPhase;
			buildActionMask = 2147483647;
			files = (
				78F1F64B450F8B55BA1C78F4 /* libPods-CBNGlobal.a in Frameworks */,
			);
			runOnlyForDeploymentPostprocessing = 0;
		};
		FE6F2D071DB12B5B000E33F9 /* Frameworks */ = {
			isa = PBXFrameworksBuildPhase;
			buildActionMask = 2147483647;
			files = (
			);
			runOnlyForDeploymentPostprocessing = 0;
		};
		FE6F2D121DB12B5B000E33F9 /* Frameworks */ = {
			isa = PBXFrameworksBuildPhase;
			buildActionMask = 2147483647;
			files = (
			);
			runOnlyForDeploymentPostprocessing = 0;
		};
/* End PBXFrameworksBuildPhase section */

/* Begin PBXGroup section */
		7C49D6B7CA129F6B020C6275 /* Pods */ = {
			isa = PBXGroup;
			children = (
				A7DDD6D6466BC6672D8A6618 /* Pods-CBNGlobal.debug.xcconfig */,
				34FEE17627E0E355EAC5CBC4 /* Pods-CBNGlobal.release.xcconfig */,
			);
			name = Pods;
			sourceTree = "<group>";
		};
		D2F2262283C52836CD20E787 /* Frameworks */ = {
			isa = PBXGroup;
			children = (
				6936100BDAE8F7C4498C70AA /* libPods-CBNGlobal.a */,
			);
			name = Frameworks;
			sourceTree = "<group>";
		};
		FE6F2CE81DB12B5B000E33F9 = {
			isa = PBXGroup;
			children = (
				FE6F2CF31DB12B5B000E33F9 /* CBNGlobal */,
				FE6F2D0D1DB12B5B000E33F9 /* CBNGlobalTests */,
				FE6F2D181DB12B5B000E33F9 /* CBNGlobalUITests */,
				FE6F2CF21DB12B5B000E33F9 /* Products */,
				7C49D6B7CA129F6B020C6275 /* Pods */,
				D2F2262283C52836CD20E787 /* Frameworks */,
			);
			sourceTree = "<group>";
		};
		FE6F2CF21DB12B5B000E33F9 /* Products */ = {
			isa = PBXGroup;
			children = (
				FE6F2CF11DB12B5B000E33F9 /* CBNGlobal.app */,
				FE6F2D0A1DB12B5B000E33F9 /* CBNGlobalTests.xctest */,
				FE6F2D151DB12B5B000E33F9 /* CBNGlobalUITests.xctest */,
			);
			name = Products;
			sourceTree = "<group>";
		};
		FE6F2CF31DB12B5B000E33F9 /* CBNGlobal */ = {
			isa = PBXGroup;
			children = (
				FEDBCB811DB1F0A400410E94 /* Framework */,
				FEDBCB801DB1F09C00410E94 /* Thirdlib */,
				FEDBCB661DB1F09300410E94 /* Module */,
				FEB42EB81DB1318F00B988E9 /* Tool */,
				FE6F2CF71DB12B5B000E33F9 /* AppDelegate.h */,
				FE6F2CF81DB12B5B000E33F9 /* AppDelegate.m */,
				FE6F2CFA1DB12B5B000E33F9 /* ViewController.h */,
				FE6F2CFB1DB12B5B000E33F9 /* ViewController.m */,
				FE6F2CFD1DB12B5B000E33F9 /* Main.storyboard */,
				FE6F2D001DB12B5B000E33F9 /* Assets.xcassets */,
				FE6F2D021DB12B5B000E33F9 /* LaunchScreen.storyboard */,
				FE6F2D051DB12B5B000E33F9 /* Info.plist */,
				FE6F2CF41DB12B5B000E33F9 /* Supporting Files */,
			);
			path = CBNGlobal;
			sourceTree = "<group>";
		};
		FE6F2CF41DB12B5B000E33F9 /* Supporting Files */ = {
			isa = PBXGroup;
			children = (
				FE6F2CF51DB12B5B000E33F9 /* main.m */,
			);
			name = "Supporting Files";
			sourceTree = "<group>";
		};
		FE6F2D0D1DB12B5B000E33F9 /* CBNGlobalTests */ = {
			isa = PBXGroup;
			children = (
				FE6F2D0E1DB12B5B000E33F9 /* CBNGlobalTests.m */,
				FE6F2D101DB12B5B000E33F9 /* Info.plist */,
			);
			path = CBNGlobalTests;
			sourceTree = "<group>";
		};
		FE6F2D181DB12B5B000E33F9 /* CBNGlobalUITests */ = {
			isa = PBXGroup;
			children = (
				FE6F2D191DB12B5B000E33F9 /* CBNGlobalUITests.m */,
				FE6F2D1B1DB12B5B000E33F9 /* Info.plist */,
			);
			path = CBNGlobalUITests;
			sourceTree = "<group>";
		};
		FEB42EB81DB1318F00B988E9 /* Tool */ = {
			isa = PBXGroup;
			children = (
				FEDBCB651DB1F07A00410E94 /* PublicImage */,
				FEB42EB91DB1318F00B988E9 /* Configuration */,
			);
			path = Tool;
			sourceTree = "<group>";
		};
		FEB42EB91DB1318F00B988E9 /* Configuration */ = {
			isa = PBXGroup;
			children = (
				FEB42EBA1DB131A700B988E9 /* PrefixHeader.pch */,
				FEDBCBA21DB1F3A100410E94 /* CBNChannel.plist */,
			);
			path = Configuration;
			sourceTree = "<group>";
		};
		FEDBCB651DB1F07A00410E94 /* PublicImage */ = {
			isa = PBXGroup;
			children = (
			);
			path = PublicImage;
			sourceTree = "<group>";
		};
		FEDBCB661DB1F09300410E94 /* Module */ = {
			isa = PBXGroup;
			children = (
				FEDBCB671DB1F09300410E94 /* BaseModule */,
				FEDBCB6C1DB1F09300410E94 /* HomePage */,
				FEDBCB711DB1F09300410E94 /* LeftChannel */,
				FEDBCB761DB1F09300410E94 /* NewsDetail */,
				FEDBCB7B1DB1F09300410E94 /* Search */,
			);
			path = Module;
			sourceTree = "<group>";
		};
		FEDBCB671DB1F09300410E94 /* BaseModule */ = {
			isa = PBXGroup;
			children = (
				FEDBCB681DB1F09300410E94 /* Controller */,
				FEDBCB691DB1F09300410E94 /* Image */,
				FEDBCB6A1DB1F09300410E94 /* Model */,
				FEDBCB6B1DB1F09300410E94 /* View */,
			);
			path = BaseModule;
			sourceTree = "<group>";
		};
		FEDBCB681DB1F09300410E94 /* Controller */ = {
			isa = PBXGroup;
			children = (
				FEDBCB821DB1F0E600410E94 /* CBNBaseNavigationController.h */,
				FEDBCB831DB1F0E600410E94 /* CBNBaseNavigationController.m */,
				FEDBCB851DB1F0FB00410E94 /* CBNBaseViewController.h */,
				FEDBCB861DB1F0FB00410E94 /* CBNBaseViewController.m */,
			);
			path = Controller;
			sourceTree = "<group>";
		};
		FEDBCB691DB1F09300410E94 /* Image */ = {
			isa = PBXGroup;
			children = (
			);
			path = Image;
			sourceTree = "<group>";
		};
		FEDBCB6A1DB1F09300410E94 /* Model */ = {
			isa = PBXGroup;
			children = (
			);
			path = Model;
			sourceTree = "<group>";
		};
		FEDBCB6B1DB1F09300410E94 /* View */ = {
			isa = PBXGroup;
			children = (
			);
			path = View;
			sourceTree = "<group>";
		};
		FEDBCB6C1DB1F09300410E94 /* HomePage */ = {
			isa = PBXGroup;
			children = (
				FEDBCB6D1DB1F09300410E94 /* Controller */,
				FEDBCB6E1DB1F09300410E94 /* Image */,
				FEDBCB6F1DB1F09300410E94 /* Model */,
				FEDBCB701DB1F09300410E94 /* View */,
			);
			path = HomePage;
			sourceTree = "<group>";
		};
		FEDBCB6D1DB1F09300410E94 /* Controller */ = {
			isa = PBXGroup;
			children = (
				FEDBCB881DB1F12E00410E94 /* CBNHomePageVC.h */,
				FEDBCB891DB1F12E00410E94 /* CBNHomePageVC.m */,
			);
			path = Controller;
			sourceTree = "<group>";
		};
		FEDBCB6E1DB1F09300410E94 /* Image */ = {
			isa = PBXGroup;
			children = (
			);
			path = Image;
			sourceTree = "<group>";
		};
		FEDBCB6F1DB1F09300410E94 /* Model */ = {
			isa = PBXGroup;
			children = (
			);
			path = Model;
			sourceTree = "<group>";
		};
		FEDBCB701DB1F09300410E94 /* View */ = {
			isa = PBXGroup;
			children = (
			);
			path = View;
			sourceTree = "<group>";
		};
		FEDBCB711DB1F09300410E94 /* LeftChannel */ = {
			isa = PBXGroup;
			children = (
				FEDBCB721DB1F09300410E94 /* Controller */,
				FEDBCB731DB1F09300410E94 /* Image */,
				FEDBCB741DB1F09300410E94 /* Model */,
				FEDBCB751DB1F09300410E94 /* View */,
			);
			path = LeftChannel;
			sourceTree = "<group>";
		};
		FEDBCB721DB1F09300410E94 /* Controller */ = {
			isa = PBXGroup;
			children = (
				FEDBCB8B1DB1F14B00410E94 /* CBNLeftChannelVC.h */,
				FEDBCB8C1DB1F14B00410E94 /* CBNLeftChannelVC.m */,
			);
			path = Controller;
			sourceTree = "<group>";
		};
		FEDBCB731DB1F09300410E94 /* Image */ = {
			isa = PBXGroup;
			children = (
			);
			path = Image;
			sourceTree = "<group>";
		};
		FEDBCB741DB1F09300410E94 /* Model */ = {
			isa = PBXGroup;
			children = (
			);
			path = Model;
			sourceTree = "<group>";
		};
		FEDBCB751DB1F09300410E94 /* View */ = {
			isa = PBXGroup;
			children = (
			);
			path = View;
			sourceTree = "<group>";
		};
		FEDBCB761DB1F09300410E94 /* NewsDetail */ = {
			isa = PBXGroup;
			children = (
				FEDBCB8E1DB1F22900410E94 /* AtlasDetail */,
				FEDBCB931DB1F22900410E94 /* BaseDetail */,
				FEDBCB981DB1F22900410E94 /* TextDetail */,
				FEDBCB9D1DB1F22900410E94 /* VideoDetail */,
			);
			path = NewsDetail;
			sourceTree = "<group>";
		};
		FEDBCB7B1DB1F09300410E94 /* Search */ = {
			isa = PBXGroup;
			children = (
				FEDBCB7C1DB1F09300410E94 /* Controller */,
				FEDBCB7D1DB1F09300410E94 /* Image */,
				FEDBCB7E1DB1F09300410E94 /* Model */,
				FEDBCB7F1DB1F09300410E94 /* View */,
			);
			path = Search;
			sourceTree = "<group>";
		};
		FEDBCB7C1DB1F09300410E94 /* Controller */ = {
			isa = PBXGroup;
			children = (
			);
			path = Controller;
			sourceTree = "<group>";
		};
		FEDBCB7D1DB1F09300410E94 /* Image */ = {
			isa = PBXGroup;
			children = (
			);
			path = Image;
			sourceTree = "<group>";
		};
		FEDBCB7E1DB1F09300410E94 /* Model */ = {
			isa = PBXGroup;
			children = (
			);
			path = Model;
			sourceTree = "<group>";
		};
		FEDBCB7F1DB1F09300410E94 /* View */ = {
			isa = PBXGroup;
			children = (
			);
			path = View;
			sourceTree = "<group>";
		};
		FEDBCB801DB1F09C00410E94 /* Thirdlib */ = {
			isa = PBXGroup;
			children = (
			);
			path = Thirdlib;
			sourceTree = "<group>";
		};
		FEDBCB811DB1F0A400410E94 /* Framework */ = {
			isa = PBXGroup;
			children = (
			);
			path = Framework;
			sourceTree = "<group>";
		};
		FEDBCB8E1DB1F22900410E94 /* AtlasDetail */ = {
			isa = PBXGroup;
			children = (
				FEDBCB8F1DB1F22900410E94 /* Controller */,
				FEDBCB901DB1F22900410E94 /* Image */,
				FEDBCB911DB1F22900410E94 /* Model */,
				FEDBCB921DB1F22900410E94 /* View */,
			);
			path = AtlasDetail;
			sourceTree = "<group>";
		};
		FEDBCB8F1DB1F22900410E94 /* Controller */ = {
			isa = PBXGroup;
			children = (
			);
			path = Controller;
			sourceTree = "<group>";
		};
		FEDBCB901DB1F22900410E94 /* Image */ = {
			isa = PBXGroup;
			children = (
			);
			path = Image;
			sourceTree = "<group>";
		};
		FEDBCB911DB1F22900410E94 /* Model */ = {
			isa = PBXGroup;
			children = (
			);
			path = Model;
			sourceTree = "<group>";
		};
		FEDBCB921DB1F22900410E94 /* View */ = {
			isa = PBXGroup;
			children = (
			);
			path = View;
			sourceTree = "<group>";
		};
		FEDBCB931DB1F22900410E94 /* BaseDetail */ = {
			isa = PBXGroup;
			children = (
				FEDBCB941DB1F22900410E94 /* Controller */,
				FEDBCB951DB1F22900410E94 /* Image */,
				FEDBCB961DB1F22900410E94 /* Model */,
				FEDBCB971DB1F22900410E94 /* View */,
			);
			path = BaseDetail;
			sourceTree = "<group>";
		};
		FEDBCB941DB1F22900410E94 /* Controller */ = {
			isa = PBXGroup;
			children = (
			);
			path = Controller;
			sourceTree = "<group>";
		};
		FEDBCB951DB1F22900410E94 /* Image */ = {
			isa = PBXGroup;
			children = (
			);
			path = Image;
			sourceTree = "<group>";
		};
		FEDBCB961DB1F22900410E94 /* Model */ = {
			isa = PBXGroup;
			children = (
			);
			path = Model;
			sourceTree = "<group>";
		};
		FEDBCB971DB1F22900410E94 /* View */ = {
			isa = PBXGroup;
			children = (
			);
			path = View;
			sourceTree = "<group>";
		};
		FEDBCB981DB1F22900410E94 /* TextDetail */ = {
			isa = PBXGroup;
			children = (
				FEDBCB991DB1F22900410E94 /* Controller */,
				FEDBCB9A1DB1F22900410E94 /* Image */,
				FEDBCB9B1DB1F22900410E94 /* Model */,
				FEDBCB9C1DB1F22900410E94 /* View */,
			);
			path = TextDetail;
			sourceTree = "<group>";
		};
		FEDBCB991DB1F22900410E94 /* Controller */ = {
			isa = PBXGroup;
			children = (
			);
			path = Controller;
			sourceTree = "<group>";
		};
		FEDBCB9A1DB1F22900410E94 /* Image */ = {
			isa = PBXGroup;
			children = (
			);
			path = Image;
			sourceTree = "<group>";
		};
		FEDBCB9B1DB1F22900410E94 /* Model */ = {
			isa = PBXGroup;
			children = (
			);
			path = Model;
			sourceTree = "<group>";
		};
		FEDBCB9C1DB1F22900410E94 /* View */ = {
			isa = PBXGroup;
			children = (
			);
			path = View;
			sourceTree = "<group>";
		};
		FEDBCB9D1DB1F22900410E94 /* VideoDetail */ = {
			isa = PBXGroup;
			children = (
				FEDBCB9E1DB1F22900410E94 /* Controller */,
				FEDBCB9F1DB1F22900410E94 /* Image */,
				FEDBCBA01DB1F22900410E94 /* Model */,
				FEDBCBA11DB1F22900410E94 /* View */,
			);
			path = VideoDetail;
			sourceTree = "<group>";
		};
		FEDBCB9E1DB1F22900410E94 /* Controller */ = {
			isa = PBXGroup;
			children = (
			);
			path = Controller;
			sourceTree = "<group>";
		};
		FEDBCB9F1DB1F22900410E94 /* Image */ = {
			isa = PBXGroup;
			children = (
			);
			path = Image;
			sourceTree = "<group>";
		};
		FEDBCBA01DB1F22900410E94 /* Model */ = {
			isa = PBXGroup;
			children = (
			);
			path = Model;
			sourceTree = "<group>";
		};
		FEDBCBA11DB1F22900410E94 /* View */ = {
			isa = PBXGroup;
			children = (
			);
			path = View;
			sourceTree = "<group>";
		};
/* End PBXGroup section */

/* Begin PBXNativeTarget section */
		FE6F2CF01DB12B5B000E33F9 /* CBNGlobal */ = {
			isa = PBXNativeTarget;
			buildConfigurationList = FE6F2D1E1DB12B5B000E33F9 /* Build configuration list for PBXNativeTarget "CBNGlobal" */;
			buildPhases = (
				FCC5D03B17432B66176292FE /* [CP] Check Pods Manifest.lock */,
				FE6F2CED1DB12B5B000E33F9 /* Sources */,
				FE6F2CEE1DB12B5B000E33F9 /* Frameworks */,
				FE6F2CEF1DB12B5B000E33F9 /* Resources */,
				9D84991A319211FEF63E60E8 /* [CP] Embed Pods Frameworks */,
				403AFA78CC82DF2B1791C640 /* [CP] Copy Pods Resources */,
			);
			buildRules = (
			);
			dependencies = (
			);
			name = CBNGlobal;
			productName = CBNGlobal;
			productReference = FE6F2CF11DB12B5B000E33F9 /* CBNGlobal.app */;
			productType = "com.apple.product-type.application";
		};
		FE6F2D091DB12B5B000E33F9 /* CBNGlobalTests */ = {
			isa = PBXNativeTarget;
			buildConfigurationList = FE6F2D211DB12B5B000E33F9 /* Build configuration list for PBXNativeTarget "CBNGlobalTests" */;
			buildPhases = (
				FE6F2D061DB12B5B000E33F9 /* Sources */,
				FE6F2D071DB12B5B000E33F9 /* Frameworks */,
				FE6F2D081DB12B5B000E33F9 /* Resources */,
			);
			buildRules = (
			);
			dependencies = (
				FE6F2D0C1DB12B5B000E33F9 /* PBXTargetDependency */,
			);
			name = CBNGlobalTests;
			productName = CBNGlobalTests;
			productReference = FE6F2D0A1DB12B5B000E33F9 /* CBNGlobalTests.xctest */;
			productType = "com.apple.product-type.bundle.unit-test";
		};
		FE6F2D141DB12B5B000E33F9 /* CBNGlobalUITests */ = {
			isa = PBXNativeTarget;
			buildConfigurationList = FE6F2D241DB12B5B000E33F9 /* Build configuration list for PBXNativeTarget "CBNGlobalUITests" */;
			buildPhases = (
				FE6F2D111DB12B5B000E33F9 /* Sources */,
				FE6F2D121DB12B5B000E33F9 /* Frameworks */,
				FE6F2D131DB12B5B000E33F9 /* Resources */,
			);
			buildRules = (
			);
			dependencies = (
				FE6F2D171DB12B5B000E33F9 /* PBXTargetDependency */,
			);
			name = CBNGlobalUITests;
			productName = CBNGlobalUITests;
			productReference = FE6F2D151DB12B5B000E33F9 /* CBNGlobalUITests.xctest */;
			productType = "com.apple.product-type.bundle.ui-testing";
		};
/* End PBXNativeTarget section */

/* Begin PBXProject section */
		FE6F2CE91DB12B5B000E33F9 /* Project object */ = {
			isa = PBXProject;
			attributes = {
				CLASSPREFIX = CBN;
				LastUpgradeCheck = 0700;
				ORGANIZATIONNAME = "上海第一财经传媒有限公司";
				TargetAttributes = {
					FE6F2CF01DB12B5B000E33F9 = {
						CreatedOnToolsVersion = 7.0;
					};
					FE6F2D091DB12B5B000E33F9 = {
						CreatedOnToolsVersion = 7.0;
						TestTargetID = FE6F2CF01DB12B5B000E33F9;
					};
					FE6F2D141DB12B5B000E33F9 = {
						CreatedOnToolsVersion = 7.0;
						TestTargetID = FE6F2CF01DB12B5B000E33F9;
					};
				};
			};
			buildConfigurationList = FE6F2CEC1DB12B5B000E33F9 /* Build configuration list for PBXProject "CBNGlobal" */;
			compatibilityVersion = "Xcode 3.2";
			developmentRegion = English;
			hasScannedForEncodings = 0;
			knownRegions = (
				en,
				Base,
			);
			mainGroup = FE6F2CE81DB12B5B000E33F9;
			productRefGroup = FE6F2CF21DB12B5B000E33F9 /* Products */;
			projectDirPath = "";
			projectRoot = "";
			targets = (
				FE6F2CF01DB12B5B000E33F9 /* CBNGlobal */,
				FE6F2D091DB12B5B000E33F9 /* CBNGlobalTests */,
				FE6F2D141DB12B5B000E33F9 /* CBNGlobalUITests */,
			);
		};
/* End PBXProject section */

/* Begin PBXResourcesBuildPhase section */
		FE6F2CEF1DB12B5B000E33F9 /* Resources */ = {
			isa = PBXResourcesBuildPhase;
			buildActionMask = 2147483647;
			files = (
				FE6F2D041DB12B5B000E33F9 /* LaunchScreen.storyboard in Resources */,
				FE6F2D011DB12B5B000E33F9 /* Assets.xcassets in Resources */,
				FEDBCBA31DB1F3A100410E94 /* CBNChannel.plist in Resources */,
				FE6F2CFF1DB12B5B000E33F9 /* Main.storyboard in Resources */,
			);
			runOnlyForDeploymentPostprocessing = 0;
		};
		FE6F2D081DB12B5B000E33F9 /* Resources */ = {
			isa = PBXResourcesBuildPhase;
			buildActionMask = 2147483647;
			files = (
			);
			runOnlyForDeploymentPostprocessing = 0;
		};
		FE6F2D131DB12B5B000E33F9 /* Resources */ = {
			isa = PBXResourcesBuildPhase;
			buildActionMask = 2147483647;
			files = (
			);
			runOnlyForDeploymentPostprocessing = 0;
		};
/* End PBXResourcesBuildPhase section */

/* Begin PBXShellScriptBuildPhase section */
		403AFA78CC82DF2B1791C640 /* [CP] Copy Pods Resources */ = {
			isa = PBXShellScriptBuildPhase;
			buildActionMask = 2147483647;
			files = (
			);
			inputPaths = (
			);
			name = "[CP] Copy Pods Resources";
			outputPaths = (
			);
			runOnlyForDeploymentPostprocessing = 0;
			shellPath = /bin/sh;
			shellScript = "\"${SRCROOT}/Pods/Target Support Files/Pods-CBNGlobal/Pods-CBNGlobal-resources.sh\"\n";
			showEnvVarsInLog = 0;
		};
		9D84991A319211FEF63E60E8 /* [CP] Embed Pods Frameworks */ = {
			isa = PBXShellScriptBuildPhase;
			buildActionMask = 2147483647;
			files = (
			);
			inputPaths = (
			);
			name = "[CP] Embed Pods Frameworks";
			outputPaths = (
			);
			runOnlyForDeploymentPostprocessing = 0;
			shellPath = /bin/sh;
			shellScript = "\"${SRCROOT}/Pods/Target Support Files/Pods-CBNGlobal/Pods-CBNGlobal-frameworks.sh\"\n";
			showEnvVarsInLog = 0;
		};
		FCC5D03B17432B66176292FE /* [CP] Check Pods Manifest.lock */ = {
			isa = PBXShellScriptBuildPhase;
			buildActionMask = 2147483647;
			files = (
			);
			inputPaths = (
			);
			name = "[CP] Check Pods Manifest.lock";
			outputPaths = (
			);
			runOnlyForDeploymentPostprocessing = 0;
			shellPath = /bin/sh;
			shellScript = "diff \"${PODS_ROOT}/../Podfile.lock\" \"${PODS_ROOT}/Manifest.lock\" > /dev/null\nif [[ $? != 0 ]] ; then\n    cat << EOM\nerror: The sandbox is not in sync with the Podfile.lock. Run 'pod install' or update your CocoaPods installation.\nEOM\n    exit 1\nfi\n";
			showEnvVarsInLog = 0;
		};
/* End PBXShellScriptBuildPhase section */

/* Begin PBXSourcesBuildPhase section */
		FE6F2CED1DB12B5B000E33F9 /* Sources */ = {
			isa = PBXSourcesBuildPhase;
			buildActionMask = 2147483647;
			files = (
				FEDBCB8D1DB1F14B00410E94 /* CBNLeftChannelVC.m in Sources */,
				FEDBCB8A1DB1F12E00410E94 /* CBNHomePageVC.m in Sources */,
				FEDBCB871DB1F0FB00410E94 /* CBNBaseViewController.m in Sources */,
				FE6F2CFC1DB12B5B000E33F9 /* ViewController.m in Sources */,
				FE6F2CF91DB12B5B000E33F9 /* AppDelegate.m in Sources */,
				FEDBCB841DB1F0E600410E94 /* CBNBaseNavigationController.m in Sources */,
				FE6F2CF61DB12B5B000E33F9 /* main.m in Sources */,
			);
			runOnlyForDeploymentPostprocessing = 0;
		};
		FE6F2D061DB12B5B000E33F9 /* Sources */ = {
			isa = PBXSourcesBuildPhase;
			buildActionMask = 2147483647;
			files = (
				FE6F2D0F1DB12B5B000E33F9 /* CBNGlobalTests.m in Sources */,
			);
			runOnlyForDeploymentPostprocessing = 0;
		};
		FE6F2D111DB12B5B000E33F9 /* Sources */ = {
			isa = PBXSourcesBuildPhase;
			buildActionMask = 2147483647;
			files = (
				FE6F2D1A1DB12B5B000E33F9 /* CBNGlobalUITests.m in Sources */,
			);
			runOnlyForDeploymentPostprocessing = 0;
		};
/* End PBXSourcesBuildPhase section */

/* Begin PBXTargetDependency section */
		FE6F2D0C1DB12B5B000E33F9 /* PBXTargetDependency */ = {
			isa = PBXTargetDependency;
			target = FE6F2CF01DB12B5B000E33F9 /* CBNGlobal */;
			targetProxy = FE6F2D0B1DB12B5B000E33F9 /* PBXContainerItemProxy */;
		};
		FE6F2D171DB12B5B000E33F9 /* PBXTargetDependency */ = {
			isa = PBXTargetDependency;
			target = FE6F2CF01DB12B5B000E33F9 /* CBNGlobal */;
			targetProxy = FE6F2D161DB12B5B000E33F9 /* PBXContainerItemProxy */;
		};
/* End PBXTargetDependency section */

/* Begin PBXVariantGroup section */
		FE6F2CFD1DB12B5B000E33F9 /* Main.storyboard */ = {
			isa = PBXVariantGroup;
			children = (
				FE6F2CFE1DB12B5B000E33F9 /* Base */,
			);
			name = Main.storyboard;
			sourceTree = "<group>";
		};
		FE6F2D021DB12B5B000E33F9 /* LaunchScreen.storyboard */ = {
			isa = PBXVariantGroup;
			children = (
				FE6F2D031DB12B5B000E33F9 /* Base */,
			);
			name = LaunchScreen.storyboard;
			sourceTree = "<group>";
		};
/* End PBXVariantGroup section */

/* Begin XCBuildConfiguration section */
		FE6F2D1C1DB12B5B000E33F9 /* Debug */ = {
			isa = XCBuildConfiguration;
			buildSettings = {
				ALWAYS_SEARCH_USER_PATHS = NO;
				CLANG_CXX_LANGUAGE_STANDARD = "gnu++0x";
				CLANG_CXX_LIBRARY = "libc++";
				CLANG_ENABLE_MODULES = YES;
				CLANG_ENABLE_OBJC_ARC = YES;
				CLANG_WARN_BOOL_CONVERSION = YES;
				CLANG_WARN_CONSTANT_CONVERSION = YES;
				CLANG_WARN_DIRECT_OBJC_ISA_USAGE = YES_ERROR;
				CLANG_WARN_EMPTY_BODY = YES;
				CLANG_WARN_ENUM_CONVERSION = YES;
				CLANG_WARN_INT_CONVERSION = YES;
				CLANG_WARN_OBJC_ROOT_CLASS = YES_ERROR;
				CLANG_WARN_UNREACHABLE_CODE = YES;
				CLANG_WARN__DUPLICATE_METHOD_MATCH = YES;
				"CODE_SIGN_IDENTITY[sdk=iphoneos*]" = "iPhone Developer";
				COPY_PHASE_STRIP = NO;
				DEBUG_INFORMATION_FORMAT = dwarf;
				ENABLE_STRICT_OBJC_MSGSEND = YES;
				ENABLE_TESTABILITY = YES;
				GCC_C_LANGUAGE_STANDARD = gnu99;
				GCC_DYNAMIC_NO_PIC = NO;
				GCC_NO_COMMON_BLOCKS = YES;
				GCC_OPTIMIZATION_LEVEL = 0;
				GCC_PREPROCESSOR_DEFINITIONS = (
					"DEBUG=1",
					"$(inherited)",
				);
				GCC_WARN_64_TO_32_BIT_CONVERSION = YES;
				GCC_WARN_ABOUT_RETURN_TYPE = YES_ERROR;
				GCC_WARN_UNDECLARED_SELECTOR = YES;
				GCC_WARN_UNINITIALIZED_AUTOS = YES_AGGRESSIVE;
				GCC_WARN_UNUSED_FUNCTION = YES;
				GCC_WARN_UNUSED_VARIABLE = YES;
				IPHONEOS_DEPLOYMENT_TARGET = 9.0;
				MTL_ENABLE_DEBUG_INFO = YES;
				ONLY_ACTIVE_ARCH = YES;
				SDKROOT = iphoneos;
				TARGETED_DEVICE_FAMILY = "1,2";
			};
			name = Debug;
		};
		FE6F2D1D1DB12B5B000E33F9 /* Release */ = {
			isa = XCBuildConfiguration;
			buildSettings = {
				ALWAYS_SEARCH_USER_PATHS = NO;
				CLANG_CXX_LANGUAGE_STANDARD = "gnu++0x";
				CLANG_CXX_LIBRARY = "libc++";
				CLANG_ENABLE_MODULES = YES;
				CLANG_ENABLE_OBJC_ARC = YES;
				CLANG_WARN_BOOL_CONVERSION = YES;
				CLANG_WARN_CONSTANT_CONVERSION = YES;
				CLANG_WARN_DIRECT_OBJC_ISA_USAGE = YES_ERROR;
				CLANG_WARN_EMPTY_BODY = YES;
				CLANG_WARN_ENUM_CONVERSION = YES;
				CLANG_WARN_INT_CONVERSION = YES;
				CLANG_WARN_OBJC_ROOT_CLASS = YES_ERROR;
				CLANG_WARN_UNREACHABLE_CODE = YES;
				CLANG_WARN__DUPLICATE_METHOD_MATCH = YES;
				"CODE_SIGN_IDENTITY[sdk=iphoneos*]" = "iPhone Developer";
				COPY_PHASE_STRIP = NO;
				DEBUG_INFORMATION_FORMAT = "dwarf-with-dsym";
				ENABLE_NS_ASSERTIONS = NO;
				ENABLE_STRICT_OBJC_MSGSEND = YES;
				GCC_C_LANGUAGE_STANDARD = gnu99;
				GCC_NO_COMMON_BLOCKS = YES;
				GCC_WARN_64_TO_32_BIT_CONVERSION = YES;
				GCC_WARN_ABOUT_RETURN_TYPE = YES_ERROR;
				GCC_WARN_UNDECLARED_SELECTOR = YES;
				GCC_WARN_UNINITIALIZED_AUTOS = YES_AGGRESSIVE;
				GCC_WARN_UNUSED_FUNCTION = YES;
				GCC_WARN_UNUSED_VARIABLE = YES;
				IPHONEOS_DEPLOYMENT_TARGET = 9.0;
				MTL_ENABLE_DEBUG_INFO = NO;
				SDKROOT = iphoneos;
				TARGETED_DEVICE_FAMILY = "1,2";
				VALIDATE_PRODUCT = YES;
			};
			name = Release;
		};
		FE6F2D1F1DB12B5B000E33F9 /* Debug */ = {
			isa = XCBuildConfiguration;
			baseConfigurationReference = A7DDD6D6466BC6672D8A6618 /* Pods-CBNGlobal.debug.xcconfig */;
			buildSettings = {
				ASSETCATALOG_COMPILER_APPICON_NAME = AppIcon;
				INFOPLIST_FILE = CBNGlobal/Info.plist;
				IPHONEOS_DEPLOYMENT_TARGET = 8.0;
				LD_RUNPATH_SEARCH_PATHS = "$(inherited) @executable_path/Frameworks";
				PRODUCT_BUNDLE_IDENTIFIER = www.yicai.com.CBNGlobal;
				PRODUCT_NAME = "$(TARGET_NAME)";
			};
			name = Debug;
		};
		FE6F2D201DB12B5B000E33F9 /* Release */ = {
			isa = XCBuildConfiguration;
			baseConfigurationReference = 34FEE17627E0E355EAC5CBC4 /* Pods-CBNGlobal.release.xcconfig */;
			buildSettings = {
				ASSETCATALOG_COMPILER_APPICON_NAME = AppIcon;
				INFOPLIST_FILE = CBNGlobal/Info.plist;
				IPHONEOS_DEPLOYMENT_TARGET = 8.0;
				LD_RUNPATH_SEARCH_PATHS = "$(inherited) @executable_path/Frameworks";
				PRODUCT_BUNDLE_IDENTIFIER = www.yicai.com.CBNGlobal;
				PRODUCT_NAME = "$(TARGET_NAME)";
			};
			name = Release;
		};
		FE6F2D221DB12B5B000E33F9 /* Debug */ = {
			isa = XCBuildConfiguration;
			buildSettings = {
				BUNDLE_LOADER = "$(TEST_HOST)";
				INFOPLIST_FILE = CBNGlobalTests/Info.plist;
				LD_RUNPATH_SEARCH_PATHS = "$(inherited) @executable_path/Frameworks @loader_path/Frameworks";
				PRODUCT_BUNDLE_IDENTIFIER = www.yicai.com.CBNGlobalTests;
				PRODUCT_NAME = "$(TARGET_NAME)";
				TEST_HOST = "$(BUILT_PRODUCTS_DIR)/CBNGlobal.app/CBNGlobal";
			};
			name = Debug;
		};
		FE6F2D231DB12B5B000E33F9 /* Release */ = {
			isa = XCBuildConfiguration;
			buildSettings = {
				BUNDLE_LOADER = "$(TEST_HOST)";
				INFOPLIST_FILE = CBNGlobalTests/Info.plist;
				LD_RUNPATH_SEARCH_PATHS = "$(inherited) @executable_path/Frameworks @loader_path/Frameworks";
				PRODUCT_BUNDLE_IDENTIFIER = www.yicai.com.CBNGlobalTests;
				PRODUCT_NAME = "$(TARGET_NAME)";
				TEST_HOST = "$(BUILT_PRODUCTS_DIR)/CBNGlobal.app/CBNGlobal";
			};
			name = Release;
		};
		FE6F2D251DB12B5B000E33F9 /* Debug */ = {
			isa = XCBuildConfiguration;
			buildSettings = {
				INFOPLIST_FILE = CBNGlobalUITests/Info.plist;
				LD_RUNPATH_SEARCH_PATHS = "$(inherited) @executable_path/Frameworks @loader_path/Frameworks";
				PRODUCT_BUNDLE_IDENTIFIER = www.yicai.com.CBNGlobalUITests;
				PRODUCT_NAME = "$(TARGET_NAME)";
				TEST_TARGET_NAME = CBNGlobal;
				USES_XCTRUNNER = YES;
			};
			name = Debug;
		};
		FE6F2D261DB12B5B000E33F9 /* Release */ = {
			isa = XCBuildConfiguration;
			buildSettings = {
				INFOPLIST_FILE = CBNGlobalUITests/Info.plist;
				LD_RUNPATH_SEARCH_PATHS = "$(inherited) @executable_path/Frameworks @loader_path/Frameworks";
				PRODUCT_BUNDLE_IDENTIFIER = www.yicai.com.CBNGlobalUITests;
				PRODUCT_NAME = "$(TARGET_NAME)";
				TEST_TARGET_NAME = CBNGlobal;
				USES_XCTRUNNER = YES;
			};
			name = Release;
		};
/* End XCBuildConfiguration section */

/* Begin XCConfigurationList section */
		FE6F2CEC1DB12B5B000E33F9 /* Build configuration list for PBXProject "CBNGlobal" */ = {
			isa = XCConfigurationList;
			buildConfigurations = (
				FE6F2D1C1DB12B5B000E33F9 /* Debug */,
				FE6F2D1D1DB12B5B000E33F9 /* Release */,
			);
			defaultConfigurationIsVisible = 0;
			defaultConfigurationName = Release;
		};
		FE6F2D1E1DB12B5B000E33F9 /* Build configuration list for PBXNativeTarget "CBNGlobal" */ = {
			isa = XCConfigurationList;
			buildConfigurations = (
				FE6F2D1F1DB12B5B000E33F9 /* Debug */,
				FE6F2D201DB12B5B000E33F9 /* Release */,
			);
			defaultConfigurationIsVisible = 0;
			defaultConfigurationName = Release;
		};
		FE6F2D211DB12B5B000E33F9 /* Build configuration list for PBXNativeTarget "CBNGlobalTests" */ = {
			isa = XCConfigurationList;
			buildConfigurations = (
				FE6F2D221DB12B5B000E33F9 /* Debug */,
				FE6F2D231DB12B5B000E33F9 /* Release */,
			);
			defaultConfigurationIsVisible = 0;
			defaultConfigurationName = Release;
		};
		FE6F2D241DB12B5B000E33F9 /* Build configuration list for PBXNativeTarget "CBNGlobalUITests" */ = {
			isa = XCConfigurationList;
			buildConfigurations = (
				FE6F2D251DB12B5B000E33F9 /* Debug */,
				FE6F2D261DB12B5B000E33F9 /* Release */,
			);
			defaultConfigurationIsVisible = 0;
			defaultConfigurationName = Release;
		};
/* End XCConfigurationList section */
	};
	rootObject = FE6F2CE91DB12B5B000E33F9 /* Project object */;
}
